// !$*UTF8*$!
{
	archiveVersion = 1;
	classes = {
	};
	objectVersion = 46;
	objects = {

/* Begin PBXBuildFile section */
		D25ED460CF76A30A08594BB0 /* Pods_BoardGamesTimer.framework in Frameworks */ = {isa = PBXBuildFile; fileRef = E3A592835F9F62E4D8390805 /* Pods_BoardGamesTimer.framework */; };
		E80129BE22335C6E0090A896 /* PositionTableViewCell.swift in Sources */ = {isa = PBXBuildFile; fileRef = E80129BD22335C6E0090A896 /* PositionTableViewCell.swift */; };
		E81A652C22401412001A1D5F /* PlaysViewController.swift in Sources */ = {isa = PBXBuildFile; fileRef = E81A652B22401412001A1D5F /* PlaysViewController.swift */; };
		E81A652E22402F19001A1D5F /* DateExtensions.swift in Sources */ = {isa = PBXBuildFile; fileRef = E81A652D22402F19001A1D5F /* DateExtensions.swift */; };
		E824F2312114E70900458890 /* PlayersViewController.swift in Sources */ = {isa = PBXBuildFile; fileRef = E824F2302114E70900458890 /* PlayersViewController.swift */; };
		E82FC2A0224083F400C19B27 /* PlaySectionHeaderView.swift in Sources */ = {isa = PBXBuildFile; fileRef = E82FC29F224083F400C19B27 /* PlaySectionHeaderView.swift */; };
		E838867D224693AE00E4E809 /* BaseConnector.swift in Sources */ = {isa = PBXBuildFile; fileRef = E838867C224693AE00E4E809 /* BaseConnector.swift */; };
		E838867F224697D600E4E809 /* GameConnector.swift in Sources */ = {isa = PBXBuildFile; fileRef = E838867E224697D600E4E809 /* GameConnector.swift */; };
		E83886812246D5B000E4E809 /* Game.swift in Sources */ = {isa = PBXBuildFile; fileRef = E83886802246D5B000E4E809 /* Game.swift */; };
		E83886832246D9E700E4E809 /* BGGSearchResultsParser.swift in Sources */ = {isa = PBXBuildFile; fileRef = E83886822246D9E700E4E809 /* BGGSearchResultsParser.swift */; };
		E83FC6472256987C00C9F6F1 /* PlayTableViewCell.swift in Sources */ = {isa = PBXBuildFile; fileRef = E83FC6452256987C00C9F6F1 /* PlayTableViewCell.swift */; };
		E83FC6482256987C00C9F6F1 /* PlayTableViewCell.xib in Resources */ = {isa = PBXBuildFile; fileRef = E83FC6462256987C00C9F6F1 /* PlayTableViewCell.xib */; };
		E84DEFD4224B180D001C2E33 /* PlaysConnector.swift in Sources */ = {isa = PBXBuildFile; fileRef = E84DEFD3224B180D001C2E33 /* PlaysConnector.swift */; };
		E850AAF8224DB630005BFC72 /* StringExtensions.swift in Sources */ = {isa = PBXBuildFile; fileRef = E850AAF7224DB630005BFC72 /* StringExtensions.swift */; };
		E8545DCB2235B62A00A65759 /* LogPlayPlayerDetailsViewController.swift in Sources */ = {isa = PBXBuildFile; fileRef = E8545DCA2235B62A00A65759 /* LogPlayPlayerDetailsViewController.swift */; };
		E8545DCD2235B74700A65759 /* LogPlayViewController.swift in Sources */ = {isa = PBXBuildFile; fileRef = E8545DCC2235B74700A65759 /* LogPlayViewController.swift */; };
		E85C1820223E0A870029963D /* PlayerSelectorControl.swift in Sources */ = {isa = PBXBuildFile; fileRef = E85C181F223E0A870029963D /* PlayerSelectorControl.swift */; };
		E86685DD22586C5C00E89B0D /* UITabBarControllerExtensions.swift in Sources */ = {isa = PBXBuildFile; fileRef = E86685DC22586C5C00E89B0D /* UITabBarControllerExtensions.swift */; };
		E86CBDA8223F2E98000C3658 /* Play.swift in Sources */ = {isa = PBXBuildFile; fileRef = E86CBDA7223F2E98000C3658 /* Play.swift */; };
		E86CBDAA223F2EBA000C3658 /* PlayPlayerDetails.swift in Sources */ = {isa = PBXBuildFile; fileRef = E86CBDA9223F2EBA000C3658 /* PlayPlayerDetails.swift */; };
		E86CBDAC223F2F20000C3658 /* Player.swift in Sources */ = {isa = PBXBuildFile; fileRef = E86CBDAB223F2F20000C3658 /* Player.swift */; };
		E89A6034225110FD00CE50B2 /* BggModels.swift in Sources */ = {isa = PBXBuildFile; fileRef = E89A6033225110FD00CE50B2 /* BggModels.swift */; };
		E89DBBFA22543F5400C279B6 /* UserDefaultsExtensions.swift in Sources */ = {isa = PBXBuildFile; fileRef = E89DBBF922543F5400C279B6 /* UserDefaultsExtensions.swift */; };
		E8A06D81225A50A000ACA6FD /* todo.txt in Resources */ = {isa = PBXBuildFile; fileRef = E8A06D80225A50A000ACA6FD /* todo.txt */; };
		E8A50FC7222EB80800CD720F /* PositionHeaderTableViewCell.swift in Sources */ = {isa = PBXBuildFile; fileRef = E8A50FC6222EB80800CD720F /* PositionHeaderTableViewCell.swift */; };
		E8B0CB862217C30D006FB19F /* AddPlayerViewController.swift in Sources */ = {isa = PBXBuildFile; fileRef = E8B0CB852217C30D006FB19F /* AddPlayerViewController.swift */; };
		E8B1169A22171465005A1D9A /* TimeIntervalExtensions.swift in Sources */ = {isa = PBXBuildFile; fileRef = E8B1169922171465005A1D9A /* TimeIntervalExtensions.swift */; };
		E8B1169D22171A0A005A1D9A /* InitialPlusTurnTimerPlayerView.swift in Sources */ = {isa = PBXBuildFile; fileRef = E8B1169C22171A0A005A1D9A /* InitialPlusTurnTimerPlayerView.swift */; };
		E8B116B222176200005A1D9A /* lostF.mp3 in Resources */ = {isa = PBXBuildFile; fileRef = E8B116B122176200005A1D9A /* lostF.mp3 */; };
		E8B116B422176633005A1D9A /* lost.mp3 in Resources */ = {isa = PBXBuildFile; fileRef = E8B116B322176633005A1D9A /* lost.mp3 */; };
		E8D150D02266498C00FFCEE6 /* Localizable.strings in Resources */ = {isa = PBXBuildFile; fileRef = E8D150D22266498C00FFCEE6 /* Localizable.strings */; };
		E8D650FE223D9ECC007D9F72 /* AlwaysPopupSegue.swift in Sources */ = {isa = PBXBuildFile; fileRef = E8D650FD223D9ECC007D9F72 /* AlwaysPopupSegue.swift */; };
		E8DC52DF22537F1200EECFDA /* UIViewControllerExtensions.swift in Sources */ = {isa = PBXBuildFile; fileRef = E8DC52DE22537F1200EECFDA /* UIViewControllerExtensions.swift */; };
		E8EB18832264BF150059BECB /* ColorSelectorControl.swift in Sources */ = {isa = PBXBuildFile; fileRef = E8EB18822264BF150059BECB /* ColorSelectorControl.swift */; };
		E8F4C650225399F600E74821 /* SettingsViewController.swift in Sources */ = {isa = PBXBuildFile; fileRef = E8F4C64F225399F600E74821 /* SettingsViewController.swift */; };
		F1049AA01ECCCD4D00D05E8F /* AppDelegate.swift in Sources */ = {isa = PBXBuildFile; fileRef = F1049A991ECCCD4D00D05E8F /* AppDelegate.swift */; };
		F1049AA11ECCCD4D00D05E8F /* TimersViewController.swift in Sources */ = {isa = PBXBuildFile; fileRef = F1049A9A1ECCCD4D00D05E8F /* TimersViewController.swift */; };
		F1049AA31ECCCD4D00D05E8F /* IncrementalTimerPlayerView.swift in Sources */ = {isa = PBXBuildFile; fileRef = F1049A9C1ECCCD4D00D05E8F /* IncrementalTimerPlayerView.swift */; };
		F1049AA41ECCCD4D00D05E8F /* SetupViewController.swift in Sources */ = {isa = PBXBuildFile; fileRef = F1049A9D1ECCCD4D00D05E8F /* SetupViewController.swift */; };
		F1049AAD1ECCCF1800D05E8F /* Main.storyboard in Resources */ = {isa = PBXBuildFile; fileRef = F1049AAB1ECCCF1800D05E8F /* Main.storyboard */; };
		F1049AAE1ECCCF1800D05E8F /* Assets.xcassets in Resources */ = {isa = PBXBuildFile; fileRef = F1049A971ECCCD4D00D05E8F /* Assets.xcassets */; };
		F11F86741ECCD74E0034EC8E /* LaunchScreen.storyboard in Resources */ = {isa = PBXBuildFile; fileRef = F11F86721ECCD74E0034EC8E /* LaunchScreen.storyboard */; };
		F14038781ED3734400320314 /* UIColorExtensions.swift in Sources */ = {isa = PBXBuildFile; fileRef = F14038771ED3734400320314 /* UIColorExtensions.swift */; };
/* End PBXBuildFile section */

/* Begin PBXFileReference section */
		611FDBE10BA4EF324A44B672 /* Pods-BoardGamesTimer.release.xcconfig */ = {isa = PBXFileReference; includeInIndex = 1; lastKnownFileType = text.xcconfig; name = "Pods-BoardGamesTimer.release.xcconfig"; path = "Pods/Target Support Files/Pods-BoardGamesTimer/Pods-BoardGamesTimer.release.xcconfig"; sourceTree = "<group>"; };
		E3A592835F9F62E4D8390805 /* Pods_BoardGamesTimer.framework */ = {isa = PBXFileReference; explicitFileType = wrapper.framework; includeInIndex = 0; path = Pods_BoardGamesTimer.framework; sourceTree = BUILT_PRODUCTS_DIR; };
		E80129BD22335C6E0090A896 /* PositionTableViewCell.swift */ = {isa = PBXFileReference; fileEncoding = 4; lastKnownFileType = sourcecode.swift; path = PositionTableViewCell.swift; sourceTree = "<group>"; };
		E81A652B22401412001A1D5F /* PlaysViewController.swift */ = {isa = PBXFileReference; lastKnownFileType = sourcecode.swift; path = PlaysViewController.swift; sourceTree = "<group>"; };
		E81A652D22402F19001A1D5F /* DateExtensions.swift */ = {isa = PBXFileReference; lastKnownFileType = sourcecode.swift; path = DateExtensions.swift; sourceTree = "<group>"; };
		E824F2302114E70900458890 /* PlayersViewController.swift */ = {isa = PBXFileReference; lastKnownFileType = sourcecode.swift; path = PlayersViewController.swift; sourceTree = "<group>"; };
		E82FC29F224083F400C19B27 /* PlaySectionHeaderView.swift */ = {isa = PBXFileReference; lastKnownFileType = sourcecode.swift; path = PlaySectionHeaderView.swift; sourceTree = "<group>"; };
		E838867C224693AE00E4E809 /* BaseConnector.swift */ = {isa = PBXFileReference; lastKnownFileType = sourcecode.swift; path = BaseConnector.swift; sourceTree = "<group>"; };
		E838867E224697D600E4E809 /* GameConnector.swift */ = {isa = PBXFileReference; lastKnownFileType = sourcecode.swift; path = GameConnector.swift; sourceTree = "<group>"; };
		E83886802246D5B000E4E809 /* Game.swift */ = {isa = PBXFileReference; lastKnownFileType = sourcecode.swift; path = Game.swift; sourceTree = "<group>"; };
		E83886822246D9E700E4E809 /* BGGSearchResultsParser.swift */ = {isa = PBXFileReference; lastKnownFileType = sourcecode.swift; path = BGGSearchResultsParser.swift; sourceTree = "<group>"; };
		E83FC6452256987C00C9F6F1 /* PlayTableViewCell.swift */ = {isa = PBXFileReference; lastKnownFileType = sourcecode.swift; path = PlayTableViewCell.swift; sourceTree = "<group>"; };
		E83FC6462256987C00C9F6F1 /* PlayTableViewCell.xib */ = {isa = PBXFileReference; lastKnownFileType = file.xib; path = PlayTableViewCell.xib; sourceTree = "<group>"; };
		E84DEFD3224B180D001C2E33 /* PlaysConnector.swift */ = {isa = PBXFileReference; lastKnownFileType = sourcecode.swift; path = PlaysConnector.swift; sourceTree = "<group>"; };
		E850AAF7224DB630005BFC72 /* StringExtensions.swift */ = {isa = PBXFileReference; lastKnownFileType = sourcecode.swift; path = StringExtensions.swift; sourceTree = "<group>"; };
		E8545DCA2235B62A00A65759 /* LogPlayPlayerDetailsViewController.swift */ = {isa = PBXFileReference; lastKnownFileType = sourcecode.swift; path = LogPlayPlayerDetailsViewController.swift; sourceTree = "<group>"; };
		E8545DCC2235B74700A65759 /* LogPlayViewController.swift */ = {isa = PBXFileReference; lastKnownFileType = sourcecode.swift; path = LogPlayViewController.swift; sourceTree = "<group>"; };
		E85C181F223E0A870029963D /* PlayerSelectorControl.swift */ = {isa = PBXFileReference; lastKnownFileType = sourcecode.swift; path = PlayerSelectorControl.swift; sourceTree = "<group>"; };
		E86685DC22586C5C00E89B0D /* UITabBarControllerExtensions.swift */ = {isa = PBXFileReference; lastKnownFileType = sourcecode.swift; path = UITabBarControllerExtensions.swift; sourceTree = "<group>"; };
		E86CBDA7223F2E98000C3658 /* Play.swift */ = {isa = PBXFileReference; lastKnownFileType = sourcecode.swift; path = Play.swift; sourceTree = "<group>"; };
		E86CBDA9223F2EBA000C3658 /* PlayPlayerDetails.swift */ = {isa = PBXFileReference; lastKnownFileType = sourcecode.swift; path = PlayPlayerDetails.swift; sourceTree = "<group>"; };
		E86CBDAB223F2F20000C3658 /* Player.swift */ = {isa = PBXFileReference; lastKnownFileType = sourcecode.swift; path = Player.swift; sourceTree = "<group>"; };
		E89A6033225110FD00CE50B2 /* BggModels.swift */ = {isa = PBXFileReference; lastKnownFileType = sourcecode.swift; path = BggModels.swift; sourceTree = "<group>"; };
		E89DBBF922543F5400C279B6 /* UserDefaultsExtensions.swift */ = {isa = PBXFileReference; lastKnownFileType = sourcecode.swift; path = UserDefaultsExtensions.swift; sourceTree = "<group>"; };
		E8A06D80225A50A000ACA6FD /* todo.txt */ = {isa = PBXFileReference; fileEncoding = 4; lastKnownFileType = text; path = todo.txt; sourceTree = "<group>"; };
		E8A50FC6222EB80800CD720F /* PositionHeaderTableViewCell.swift */ = {isa = PBXFileReference; lastKnownFileType = sourcecode.swift; path = PositionHeaderTableViewCell.swift; sourceTree = "<group>"; };
		E8B0CB852217C30D006FB19F /* AddPlayerViewController.swift */ = {isa = PBXFileReference; lastKnownFileType = sourcecode.swift; path = AddPlayerViewController.swift; sourceTree = "<group>"; };
		E8B1169922171465005A1D9A /* TimeIntervalExtensions.swift */ = {isa = PBXFileReference; lastKnownFileType = sourcecode.swift; path = TimeIntervalExtensions.swift; sourceTree = "<group>"; };
		E8B1169C22171A0A005A1D9A /* InitialPlusTurnTimerPlayerView.swift */ = {isa = PBXFileReference; fileEncoding = 4; lastKnownFileType = sourcecode.swift; path = InitialPlusTurnTimerPlayerView.swift; sourceTree = "<group>"; };
		E8B116B122176200005A1D9A /* lostF.mp3 */ = {isa = PBXFileReference; lastKnownFileType = audio.mp3; path = lostF.mp3; sourceTree = "<group>"; };
		E8B116B322176633005A1D9A /* lost.mp3 */ = {isa = PBXFileReference; lastKnownFileType = audio.mp3; path = lost.mp3; sourceTree = "<group>"; };
		E8D150CA2266411800FFCEE6 /* es */ = {isa = PBXFileReference; lastKnownFileType = text.plist.strings; name = es; path = es.lproj/LaunchScreen.strings; sourceTree = "<group>"; };
		E8D150CB2266411800FFCEE6 /* es */ = {isa = PBXFileReference; lastKnownFileType = text.plist.strings; name = es; path = es.lproj/Main.strings; sourceTree = "<group>"; };
		E8D150D12266498C00FFCEE6 /* es */ = {isa = PBXFileReference; lastKnownFileType = text.plist.strings; name = es; path = es.lproj/Localizable.strings; sourceTree = "<group>"; };
		E8D150D32266499500FFCEE6 /* en */ = {isa = PBXFileReference; lastKnownFileType = text.plist.strings; name = en; path = en.lproj/Localizable.strings; sourceTree = "<group>"; };
		E8D650FD223D9ECC007D9F72 /* AlwaysPopupSegue.swift */ = {isa = PBXFileReference; lastKnownFileType = sourcecode.swift; path = AlwaysPopupSegue.swift; sourceTree = "<group>"; };
		E8DC52DE22537F1200EECFDA /* UIViewControllerExtensions.swift */ = {isa = PBXFileReference; lastKnownFileType = sourcecode.swift; path = UIViewControllerExtensions.swift; sourceTree = "<group>"; };
		E8EB18822264BF150059BECB /* ColorSelectorControl.swift */ = {isa = PBXFileReference; lastKnownFileType = sourcecode.swift; path = ColorSelectorControl.swift; sourceTree = "<group>"; };
		E8F4C64F225399F600E74821 /* SettingsViewController.swift */ = {isa = PBXFileReference; lastKnownFileType = sourcecode.swift; path = SettingsViewController.swift; sourceTree = "<group>"; };
		F1049A971ECCCD4D00D05E8F /* Assets.xcassets */ = {isa = PBXFileReference; lastKnownFileType = folder.assetcatalog; name = Assets.xcassets; path = BoardGamesTimer/Resources/Assets.xcassets; sourceTree = SOURCE_ROOT; };
		F1049A991ECCCD4D00D05E8F /* AppDelegate.swift */ = {isa = PBXFileReference; fileEncoding = 4; lastKnownFileType = sourcecode.swift; name = AppDelegate.swift; path = BoardGamesTimer/AppDelegate.swift; sourceTree = SOURCE_ROOT; };
		F1049A9A1ECCCD4D00D05E8F /* TimersViewController.swift */ = {isa = PBXFileReference; fileEncoding = 4; lastKnownFileType = sourcecode.swift; name = TimersViewController.swift; path = BoardGamesTimer/ViewControllers/TimersViewController.swift; sourceTree = SOURCE_ROOT; };
		F1049A9B1ECCCD4D00D05E8F /* Info.plist */ = {isa = PBXFileReference; fileEncoding = 4; lastKnownFileType = text.plist.xml; name = Info.plist; path = BoardGamesTimer/Info.plist; sourceTree = SOURCE_ROOT; };
		F1049A9C1ECCCD4D00D05E8F /* IncrementalTimerPlayerView.swift */ = {isa = PBXFileReference; fileEncoding = 4; lastKnownFileType = sourcecode.swift; name = IncrementalTimerPlayerView.swift; path = BoardGamesTimer/Views/IncrementalTimerPlayerView.swift; sourceTree = SOURCE_ROOT; };
		F1049A9D1ECCCD4D00D05E8F /* SetupViewController.swift */ = {isa = PBXFileReference; fileEncoding = 4; lastKnownFileType = sourcecode.swift; name = SetupViewController.swift; path = BoardGamesTimer/ViewControllers/SetupViewController.swift; sourceTree = SOURCE_ROOT; };
		F1049AAC1ECCCF1800D05E8F /* Base */ = {isa = PBXFileReference; lastKnownFileType = file.storyboard; name = Base; path = BoardGamesTimer/Base.lproj/Main.storyboard; sourceTree = SOURCE_ROOT; };
		F11F86731ECCD74E0034EC8E /* Base */ = {isa = PBXFileReference; lastKnownFileType = file.storyboard; name = Base; path = BoardGamesTimer/Base.lproj/LaunchScreen.storyboard; sourceTree = SOURCE_ROOT; };
		F14038771ED3734400320314 /* UIColorExtensions.swift */ = {isa = PBXFileReference; fileEncoding = 4; lastKnownFileType = sourcecode.swift; name = UIColorExtensions.swift; path = BoardGamesTimer/Extensions/UIColorExtensions.swift; sourceTree = SOURCE_ROOT; };
		F1E366AC1ECA0A07006CBEAF /* BoardGamesTimer.app */ = {isa = PBXFileReference; explicitFileType = wrapper.application; includeInIndex = 0; path = BoardGamesTimer.app; sourceTree = BUILT_PRODUCTS_DIR; };
		F73483F46E475F1B60C55F5D /* Pods-BoardGamesTimer.debug.xcconfig */ = {isa = PBXFileReference; includeInIndex = 1; lastKnownFileType = text.xcconfig; name = "Pods-BoardGamesTimer.debug.xcconfig"; path = "Pods/Target Support Files/Pods-BoardGamesTimer/Pods-BoardGamesTimer.debug.xcconfig"; sourceTree = "<group>"; };
/* End PBXFileReference section */

/* Begin PBXFrameworksBuildPhase section */
		F1E366A91ECA0A07006CBEAF /* Frameworks */ = {
			isa = PBXFrameworksBuildPhase;
			buildActionMask = 2147483647;
			files = (
				D25ED460CF76A30A08594BB0 /* Pods_BoardGamesTimer.framework in Frameworks */,
			);
			runOnlyForDeploymentPostprocessing = 0;
		};
/* End PBXFrameworksBuildPhase section */

/* Begin PBXGroup section */
		D8C338971AA89ABB287C6BF7 /* Frameworks */ = {
			isa = PBXGroup;
			children = (
				E3A592835F9F62E4D8390805 /* Pods_BoardGamesTimer.framework */,
			);
			name = Frameworks;
			sourceTree = "<group>";
		};
		E838867B2246939900E4E809 /* Connectors */ = {
			isa = PBXGroup;
			children = (
				E89A6033225110FD00CE50B2 /* BggModels.swift */,
				E838867C224693AE00E4E809 /* BaseConnector.swift */,
				E838867E224697D600E4E809 /* GameConnector.swift */,
				E84DEFD3224B180D001C2E33 /* PlaysConnector.swift */,
				E83886822246D9E700E4E809 /* BGGSearchResultsParser.swift */,
			);
			path = Connectors;
			sourceTree = "<group>";
		};
		E85C1822223E0AE00029963D /* Controls */ = {
			isa = PBXGroup;
			children = (
				E85C181F223E0A870029963D /* PlayerSelectorControl.swift */,
				E8EB18822264BF150059BECB /* ColorSelectorControl.swift */,
			);
			path = Controls;
			sourceTree = "<group>";
		};
		E86CBDA6223F2E79000C3658 /* Models */ = {
			isa = PBXGroup;
			children = (
				E86CBDA7223F2E98000C3658 /* Play.swift */,
				E86CBDA9223F2EBA000C3658 /* PlayPlayerDetails.swift */,
				E86CBDAB223F2F20000C3658 /* Player.swift */,
				E83886802246D5B000E4E809 /* Game.swift */,
			);
			path = Models;
			sourceTree = "<group>";
		};
		E8B0CB872217CBF2006FB19F /* ViewControllers */ = {
			isa = PBXGroup;
			children = (
				F1049A9D1ECCCD4D00D05E8F /* SetupViewController.swift */,
				E824F2302114E70900458890 /* PlayersViewController.swift */,
				E8B0CB852217C30D006FB19F /* AddPlayerViewController.swift */,
				F1049A9A1ECCCD4D00D05E8F /* TimersViewController.swift */,
				E8545DCA2235B62A00A65759 /* LogPlayPlayerDetailsViewController.swift */,
				E8545DCC2235B74700A65759 /* LogPlayViewController.swift */,
				E81A652B22401412001A1D5F /* PlaysViewController.swift */,
				E8F4C64F225399F600E74821 /* SettingsViewController.swift */,
			);
			path = ViewControllers;
			sourceTree = "<group>";
		};
		E8B0CB882217CC32006FB19F /* Views */ = {
			isa = PBXGroup;
			children = (
				F1049A9C1ECCCD4D00D05E8F /* IncrementalTimerPlayerView.swift */,
				E8B1169C22171A0A005A1D9A /* InitialPlusTurnTimerPlayerView.swift */,
				E80129BD22335C6E0090A896 /* PositionTableViewCell.swift */,
				E8A50FC6222EB80800CD720F /* PositionHeaderTableViewCell.swift */,
				E82FC29F224083F400C19B27 /* PlaySectionHeaderView.swift */,
				E83FC6462256987C00C9F6F1 /* PlayTableViewCell.xib */,
				E83FC6452256987C00C9F6F1 /* PlayTableViewCell.swift */,
			);
			path = Views;
			sourceTree = "<group>";
		};
		E8B1169B221714BC005A1D9A /* Extensions */ = {
			isa = PBXGroup;
			children = (
				E8D650FD223D9ECC007D9F72 /* AlwaysPopupSegue.swift */,
				F14038771ED3734400320314 /* UIColorExtensions.swift */,
				E8B1169922171465005A1D9A /* TimeIntervalExtensions.swift */,
				E81A652D22402F19001A1D5F /* DateExtensions.swift */,
				E850AAF7224DB630005BFC72 /* StringExtensions.swift */,
				E8DC52DE22537F1200EECFDA /* UIViewControllerExtensions.swift */,
				E89DBBF922543F5400C279B6 /* UserDefaultsExtensions.swift */,
				E86685DC22586C5C00E89B0D /* UITabBarControllerExtensions.swift */,
			);
			path = Extensions;
			sourceTree = "<group>";
		};
		E8B116A02217498E005A1D9A /* Resources */ = {
			isa = PBXGroup;
			children = (
				F1049A971ECCCD4D00D05E8F /* Assets.xcassets */,
				E8B116B322176633005A1D9A /* lost.mp3 */,
				E8B116B122176200005A1D9A /* lostF.mp3 */,
			);
			path = Resources;
			sourceTree = "<group>";
		};
		F1E366A31ECA0A07006CBEAF = {
			isa = PBXGroup;
			children = (
				E8A06D80225A50A000ACA6FD /* todo.txt */,
				F1E366AE1ECA0A07006CBEAF /* BoardGamesTimer */,
				F1E366AD1ECA0A07006CBEAF /* Products */,
				FEE74871FD0BE3315C8D1A82 /* Pods */,
				D8C338971AA89ABB287C6BF7 /* Frameworks */,
			);
			sourceTree = "<group>";
		};
		F1E366AD1ECA0A07006CBEAF /* Products */ = {
			isa = PBXGroup;
			children = (
				F1E366AC1ECA0A07006CBEAF /* BoardGamesTimer.app */,
			);
			name = Products;
			sourceTree = "<group>";
		};
		F1E366AE1ECA0A07006CBEAF /* BoardGamesTimer */ = {
			isa = PBXGroup;
			children = (
				E838867B2246939900E4E809 /* Connectors */,
				E86CBDA6223F2E79000C3658 /* Models */,
				E85C1822223E0AE00029963D /* Controls */,
				E8B0CB882217CC32006FB19F /* Views */,
				E8B0CB872217CBF2006FB19F /* ViewControllers */,
				E8B116A02217498E005A1D9A /* Resources */,
				E8B1169B221714BC005A1D9A /* Extensions */,
				F11F86721ECCD74E0034EC8E /* LaunchScreen.storyboard */,
				F1049AAB1ECCCF1800D05E8F /* Main.storyboard */,
				E8D150D22266498C00FFCEE6 /* Localizable.strings */,
				F1049A9B1ECCCD4D00D05E8F /* Info.plist */,
				F1049A991ECCCD4D00D05E8F /* AppDelegate.swift */,
			);
			path = BoardGamesTimer;
			sourceTree = "<group>";
		};
		FEE74871FD0BE3315C8D1A82 /* Pods */ = {
			isa = PBXGroup;
			children = (
				F73483F46E475F1B60C55F5D /* Pods-BoardGamesTimer.debug.xcconfig */,
				611FDBE10BA4EF324A44B672 /* Pods-BoardGamesTimer.release.xcconfig */,
			);
			name = Pods;
			sourceTree = "<group>";
		};
/* End PBXGroup section */

/* Begin PBXNativeTarget section */
		F1E366AB1ECA0A07006CBEAF /* BoardGamesTimer */ = {
			isa = PBXNativeTarget;
			buildConfigurationList = F1E366BE1ECA0A07006CBEAF /* Build configuration list for PBXNativeTarget "BoardGamesTimer" */;
			buildPhases = (
				B88ADCEE15C65D0F28B06A14 /* [CP] Check Pods Manifest.lock */,
				F1E366A81ECA0A07006CBEAF /* Sources */,
				F1E366A91ECA0A07006CBEAF /* Frameworks */,
				F1E366AA1ECA0A07006CBEAF /* Resources */,
				784BE91ED07D7E580FF36EBC /* [CP] Embed Pods Frameworks */,
			);
			buildRules = (
			);
			dependencies = (
			);
			name = BoardGamesTimer;
			productName = BoardGameClock;
			productReference = F1E366AC1ECA0A07006CBEAF /* BoardGamesTimer.app */;
			productType = "com.apple.product-type.application";
		};
/* End PBXNativeTarget section */

/* Begin PBXProject section */
		F1E366A41ECA0A07006CBEAF /* Project object */ = {
			isa = PBXProject;
			attributes = {
				LastSwiftUpdateCheck = 0820;
				LastUpgradeCheck = 1000;
				ORGANIZATIONNAME = Diego;
				TargetAttributes = {
					F1E366AB1ECA0A07006CBEAF = {
						CreatedOnToolsVersion = 8.2.1;
						DevelopmentTeam = X32L2WT2YT;
						LastSwiftMigration = 0920;
						ProvisioningStyle = Automatic;
					};
				};
			};
			buildConfigurationList = F1E366A71ECA0A07006CBEAF /* Build configuration list for PBXProject "BoardGamesTimer" */;
			compatibilityVersion = "Xcode 3.2";
			developmentRegion = en;
			hasScannedForEncodings = 0;
			knownRegions = (
				en,
				Base,
				es,
			);
			mainGroup = F1E366A31ECA0A07006CBEAF;
			productRefGroup = F1E366AD1ECA0A07006CBEAF /* Products */;
			projectDirPath = "";
			projectRoot = "";
			targets = (
				F1E366AB1ECA0A07006CBEAF /* BoardGamesTimer */,
			);
		};
/* End PBXProject section */

/* Begin PBXResourcesBuildPhase section */
		F1E366AA1ECA0A07006CBEAF /* Resources */ = {
			isa = PBXResourcesBuildPhase;
			buildActionMask = 2147483647;
			files = (
				F11F86741ECCD74E0034EC8E /* LaunchScreen.storyboard in Resources */,
				E8B116B222176200005A1D9A /* lostF.mp3 in Resources */,
				E8B116B422176633005A1D9A /* lost.mp3 in Resources */,
				E83FC6482256987C00C9F6F1 /* PlayTableViewCell.xib in Resources */,
				F1049AAE1ECCCF1800D05E8F /* Assets.xcassets in Resources */,
				E8D150D02266498C00FFCEE6 /* Localizable.strings in Resources */,
				E8A06D81225A50A000ACA6FD /* todo.txt in Resources */,
				F1049AAD1ECCCF1800D05E8F /* Main.storyboard in Resources */,
			);
			runOnlyForDeploymentPostprocessing = 0;
		};
/* End PBXResourcesBuildPhase section */

/* Begin PBXShellScriptBuildPhase section */
		784BE91ED07D7E580FF36EBC /* [CP] Embed Pods Frameworks */ = {
			isa = PBXShellScriptBuildPhase;
			buildActionMask = 2147483647;
			files = (
			);
			inputFileListPaths = (
			);
			inputPaths = (
				"${SRCROOT}/Pods/Target Support Files/Pods-BoardGamesTimer/Pods-BoardGamesTimer-frameworks.sh",
				"${BUILT_PRODUCTS_DIR}/PureLayout/PureLayout.framework",
				"${BUILT_PRODUCTS_DIR}/SwiftSoup/SwiftSoup.framework",
				"${BUILT_PRODUCTS_DIR}/XMLParsing/XMLParsing.framework",
			);
			name = "[CP] Embed Pods Frameworks";
			outputFileListPaths = (
			);
			outputPaths = (
				"${TARGET_BUILD_DIR}/${FRAMEWORKS_FOLDER_PATH}/PureLayout.framework",
				"${TARGET_BUILD_DIR}/${FRAMEWORKS_FOLDER_PATH}/SwiftSoup.framework",
				"${TARGET_BUILD_DIR}/${FRAMEWORKS_FOLDER_PATH}/XMLParsing.framework",
			);
			runOnlyForDeploymentPostprocessing = 0;
			shellPath = /bin/sh;
			shellScript = "\"${SRCROOT}/Pods/Target Support Files/Pods-BoardGamesTimer/Pods-BoardGamesTimer-frameworks.sh\"\n";
			showEnvVarsInLog = 0;
		};
		B88ADCEE15C65D0F28B06A14 /* [CP] Check Pods Manifest.lock */ = {
			isa = PBXShellScriptBuildPhase;
			buildActionMask = 2147483647;
			files = (
			);
			inputFileListPaths = (
			);
			inputPaths = (
				"${PODS_PODFILE_DIR_PATH}/Podfile.lock",
				"${PODS_ROOT}/Manifest.lock",
			);
			name = "[CP] Check Pods Manifest.lock";
			outputFileListPaths = (
			);
			outputPaths = (
				"$(DERIVED_FILE_DIR)/Pods-BoardGamesTimer-checkManifestLockResult.txt",
			);
			runOnlyForDeploymentPostprocessing = 0;
			shellPath = /bin/sh;
			shellScript = "diff \"${PODS_PODFILE_DIR_PATH}/Podfile.lock\" \"${PODS_ROOT}/Manifest.lock\" > /dev/null\nif [ $? != 0 ] ; then\n    # print error to STDERR\n    echo \"error: The sandbox is not in sync with the Podfile.lock. Run 'pod install' or update your CocoaPods installation.\" >&2\n    exit 1\nfi\n# This output is used by Xcode 'outputs' to avoid re-running this script phase.\necho \"SUCCESS\" > \"${SCRIPT_OUTPUT_FILE_0}\"\n";
			showEnvVarsInLog = 0;
		};
/* End PBXShellScriptBuildPhase section */

/* Begin PBXSourcesBuildPhase section */
		F1E366A81ECA0A07006CBEAF /* Sources */ = {
			isa = PBXSourcesBuildPhase;
			buildActionMask = 2147483647;
			files = (
				E8D650FE223D9ECC007D9F72 /* AlwaysPopupSegue.swift in Sources */,
				F1049AA31ECCCD4D00D05E8F /* IncrementalTimerPlayerView.swift in Sources */,
				E8B0CB862217C30D006FB19F /* AddPlayerViewController.swift in Sources */,
				E83886812246D5B000E4E809 /* Game.swift in Sources */,
				E83886832246D9E700E4E809 /* BGGSearchResultsParser.swift in Sources */,
				E838867D224693AE00E4E809 /* BaseConnector.swift in Sources */,
				E8EB18832264BF150059BECB /* ColorSelectorControl.swift in Sources */,
				E8F4C650225399F600E74821 /* SettingsViewController.swift in Sources */,
				E84DEFD4224B180D001C2E33 /* PlaysConnector.swift in Sources */,
				E8545DCD2235B74700A65759 /* LogPlayViewController.swift in Sources */,
				E824F2312114E70900458890 /* PlayersViewController.swift in Sources */,
				E838867F224697D600E4E809 /* GameConnector.swift in Sources */,
				E86CBDA8223F2E98000C3658 /* Play.swift in Sources */,
				E89DBBFA22543F5400C279B6 /* UserDefaultsExtensions.swift in Sources */,
				E8B1169A22171465005A1D9A /* TimeIntervalExtensions.swift in Sources */,
				E850AAF8224DB630005BFC72 /* StringExtensions.swift in Sources */,
				E81A652C22401412001A1D5F /* PlaysViewController.swift in Sources */,
				E8B1169D22171A0A005A1D9A /* InitialPlusTurnTimerPlayerView.swift in Sources */,
				E8A50FC7222EB80800CD720F /* PositionHeaderTableViewCell.swift in Sources */,
				F1049AA01ECCCD4D00D05E8F /* AppDelegate.swift in Sources */,
				E86CBDAA223F2EBA000C3658 /* PlayPlayerDetails.swift in Sources */,
				E89A6034225110FD00CE50B2 /* BggModels.swift in Sources */,
				E8DC52DF22537F1200EECFDA /* UIViewControllerExtensions.swift in Sources */,
				E80129BE22335C6E0090A896 /* PositionTableViewCell.swift in Sources */,
				E82FC2A0224083F400C19B27 /* PlaySectionHeaderView.swift in Sources */,
				E81A652E22402F19001A1D5F /* DateExtensions.swift in Sources */,
				F14038781ED3734400320314 /* UIColorExtensions.swift in Sources */,
				E86685DD22586C5C00E89B0D /* UITabBarControllerExtensions.swift in Sources */,
				F1049AA41ECCCD4D00D05E8F /* SetupViewController.swift in Sources */,
				E83FC6472256987C00C9F6F1 /* PlayTableViewCell.swift in Sources */,
				E85C1820223E0A870029963D /* PlayerSelectorControl.swift in Sources */,
				E86CBDAC223F2F20000C3658 /* Player.swift in Sources */,
				F1049AA11ECCCD4D00D05E8F /* TimersViewController.swift in Sources */,
				E8545DCB2235B62A00A65759 /* LogPlayPlayerDetailsViewController.swift in Sources */,
			);
			runOnlyForDeploymentPostprocessing = 0;
		};
/* End PBXSourcesBuildPhase section */

/* Begin PBXVariantGroup section */
		E8D150D22266498C00FFCEE6 /* Localizable.strings */ = {
			isa = PBXVariantGroup;
			children = (
				E8D150D12266498C00FFCEE6 /* es */,
				E8D150D32266499500FFCEE6 /* en */,
			);
			name = Localizable.strings;
			sourceTree = "<group>";
		};
		F1049AAB1ECCCF1800D05E8F /* Main.storyboard */ = {
			isa = PBXVariantGroup;
			children = (
				F1049AAC1ECCCF1800D05E8F /* Base */,
				E8D150CB2266411800FFCEE6 /* es */,
			);
			name = Main.storyboard;
			sourceTree = "<group>";
		};
		F11F86721ECCD74E0034EC8E /* LaunchScreen.storyboard */ = {
			isa = PBXVariantGroup;
			children = (
				F11F86731ECCD74E0034EC8E /* Base */,
				E8D150CA2266411800FFCEE6 /* es */,
			);
			name = LaunchScreen.storyboard;
			sourceTree = "<group>";
		};
/* End PBXVariantGroup section */

/* Begin XCBuildConfiguration section */
		F1E366BC1ECA0A07006CBEAF /* Debug */ = {
			isa = XCBuildConfiguration;
			buildSettings = {
				ALWAYS_SEARCH_USER_PATHS = NO;
				CLANG_ANALYZER_LOCALIZABILITY_NONLOCALIZED = YES;
				CLANG_ANALYZER_NONNULL = YES;
				CLANG_CXX_LANGUAGE_STANDARD = "gnu++0x";
				CLANG_CXX_LIBRARY = "libc++";
				CLANG_ENABLE_MODULES = YES;
				CLANG_ENABLE_OBJC_ARC = YES;
				CLANG_WARN_BLOCK_CAPTURE_AUTORELEASING = YES;
				CLANG_WARN_BOOL_CONVERSION = YES;
				CLANG_WARN_COMMA = YES;
				CLANG_WARN_CONSTANT_CONVERSION = YES;
				CLANG_WARN_DEPRECATED_OBJC_IMPLEMENTATIONS = YES;
				CLANG_WARN_DIRECT_OBJC_ISA_USAGE = YES_ERROR;
				CLANG_WARN_DOCUMENTATION_COMMENTS = YES;
				CLANG_WARN_EMPTY_BODY = YES;
				CLANG_WARN_ENUM_CONVERSION = YES;
				CLANG_WARN_INFINITE_RECURSION = YES;
				CLANG_WARN_INT_CONVERSION = YES;
				CLANG_WARN_NON_LITERAL_NULL_CONVERSION = YES;
				CLANG_WARN_OBJC_IMPLICIT_RETAIN_SELF = YES;
				CLANG_WARN_OBJC_LITERAL_CONVERSION = YES;
				CLANG_WARN_OBJC_ROOT_CLASS = YES_ERROR;
				CLANG_WARN_RANGE_LOOP_ANALYSIS = YES;
				CLANG_WARN_STRICT_PROTOTYPES = YES;
				CLANG_WARN_SUSPICIOUS_MOVE = YES;
				CLANG_WARN_UNREACHABLE_CODE = YES;
				CLANG_WARN__DUPLICATE_METHOD_MATCH = YES;
				CODE_SIGN_IDENTITY = "iPhone Developer";
				"CODE_SIGN_IDENTITY[sdk=iphoneos*]" = "iPhone Developer";
				COPY_PHASE_STRIP = NO;
				DEBUG_INFORMATION_FORMAT = dwarf;
				ENABLE_STRICT_OBJC_MSGSEND = YES;
				ENABLE_TESTABILITY = YES;
				GCC_C_LANGUAGE_STANDARD = gnu99;
				GCC_DYNAMIC_NO_PIC = NO;
				GCC_NO_COMMON_BLOCKS = YES;
				GCC_OPTIMIZATION_LEVEL = 0;
				GCC_PREPROCESSOR_DEFINITIONS = (
					"DEBUG=1",
					"$(inherited)",
				);
				GCC_WARN_64_TO_32_BIT_CONVERSION = YES;
				GCC_WARN_ABOUT_RETURN_TYPE = YES_ERROR;
				GCC_WARN_UNDECLARED_SELECTOR = YES;
				GCC_WARN_UNINITIALIZED_AUTOS = YES_AGGRESSIVE;
				GCC_WARN_UNUSED_FUNCTION = YES;
				GCC_WARN_UNUSED_VARIABLE = YES;
				IPHONEOS_DEPLOYMENT_TARGET = 10.2;
				MTL_ENABLE_DEBUG_INFO = YES;
				ONLY_ACTIVE_ARCH = YES;
				SDKROOT = iphoneos;
				SWIFT_ACTIVE_COMPILATION_CONDITIONS = DEBUG;
				SWIFT_OPTIMIZATION_LEVEL = "-Onone";
				TARGETED_DEVICE_FAMILY = "1,2";
			};
			name = Debug;
		};
		F1E366BD1ECA0A07006CBEAF /* Release */ = {
			isa = XCBuildConfiguration;
			buildSettings = {
				ALWAYS_SEARCH_USER_PATHS = NO;
				CLANG_ANALYZER_LOCALIZABILITY_NONLOCALIZED = YES;
				CLANG_ANALYZER_NONNULL = YES;
				CLANG_CXX_LANGUAGE_STANDARD = "gnu++0x";
				CLANG_CXX_LIBRARY = "libc++";
				CLANG_ENABLE_MODULES = YES;
				CLANG_ENABLE_OBJC_ARC = YES;
				CLANG_WARN_BLOCK_CAPTURE_AUTORELEASING = YES;
				CLANG_WARN_BOOL_CONVERSION = YES;
				CLANG_WARN_COMMA = YES;
				CLANG_WARN_CONSTANT_CONVERSION = YES;
				CLANG_WARN_DEPRECATED_OBJC_IMPLEMENTATIONS = YES;
				CLANG_WARN_DIRECT_OBJC_ISA_USAGE = YES_ERROR;
				CLANG_WARN_DOCUMENTATION_COMMENTS = YES;
				CLANG_WARN_EMPTY_BODY = YES;
				CLANG_WARN_ENUM_CONVERSION = YES;
				CLANG_WARN_INFINITE_RECURSION = YES;
				CLANG_WARN_INT_CONVERSION = YES;
				CLANG_WARN_NON_LITERAL_NULL_CONVERSION = YES;
				CLANG_WARN_OBJC_IMPLICIT_RETAIN_SELF = YES;
				CLANG_WARN_OBJC_LITERAL_CONVERSION = YES;
				CLANG_WARN_OBJC_ROOT_CLASS = YES_ERROR;
				CLANG_WARN_RANGE_LOOP_ANALYSIS = YES;
				CLANG_WARN_STRICT_PROTOTYPES = YES;
				CLANG_WARN_SUSPICIOUS_MOVE = YES;
				CLANG_WARN_UNREACHABLE_CODE = YES;
				CLANG_WARN__DUPLICATE_METHOD_MATCH = YES;
				CODE_SIGN_IDENTITY = "iPhone Developer";
				"CODE_SIGN_IDENTITY[sdk=iphoneos*]" = "iPhone Developer";
				COPY_PHASE_STRIP = NO;
				DEBUG_INFORMATION_FORMAT = "dwarf-with-dsym";
				ENABLE_NS_ASSERTIONS = NO;
				ENABLE_STRICT_OBJC_MSGSEND = YES;
				GCC_C_LANGUAGE_STANDARD = gnu99;
				GCC_NO_COMMON_BLOCKS = YES;
				GCC_WARN_64_TO_32_BIT_CONVERSION = YES;
				GCC_WARN_ABOUT_RETURN_TYPE = YES_ERROR;
				GCC_WARN_UNDECLARED_SELECTOR = YES;
				GCC_WARN_UNINITIALIZED_AUTOS = YES_AGGRESSIVE;
				GCC_WARN_UNUSED_FUNCTION = YES;
				GCC_WARN_UNUSED_VARIABLE = YES;
				IPHONEOS_DEPLOYMENT_TARGET = 10.2;
				MTL_ENABLE_DEBUG_INFO = NO;
				SDKROOT = iphoneos;
				SWIFT_OPTIMIZATION_LEVEL = "-Owholemodule";
				TARGETED_DEVICE_FAMILY = "1,2";
				VALIDATE_PRODUCT = YES;
			};
			name = Release;
		};
		F1E366BF1ECA0A07006CBEAF /* Debug */ = {
			isa = XCBuildConfiguration;
			baseConfigurationReference = F73483F46E475F1B60C55F5D /* Pods-BoardGamesTimer.debug.xcconfig */;
			buildSettings = {
				ASSETCATALOG_COMPILER_APPICON_NAME = AppIcon;
				DEVELOPMENT_TEAM = X32L2WT2YT;
				INFOPLIST_FILE = "$(SRCROOT)/BoardGamesTimer/Info.plist";
				LD_RUNPATH_SEARCH_PATHS = "$(inherited) @executable_path/Frameworks";
				PRODUCT_BUNDLE_IDENTIFIER = DiegoLB.BoardGamesTimer;
				PRODUCT_NAME = "$(TARGET_NAME)";
				SWIFT_SWIFT3_OBJC_INFERENCE = On;
				SWIFT_VERSION = 4.0;
				TARGETED_DEVICE_FAMILY = 1;
			};
			name = Debug;
		};
		F1E366C01ECA0A07006CBEAF /* Release */ = {
			isa = XCBuildConfiguration;
			baseConfigurationReference = 611FDBE10BA4EF324A44B672 /* Pods-BoardGamesTimer.release.xcconfig */;
			buildSettings = {
				ASSETCATALOG_COMPILER_APPICON_NAME = AppIcon;
				DEVELOPMENT_TEAM = X32L2WT2YT;
				INFOPLIST_FILE = "$(SRCROOT)/BoardGamesTimer/Info.plist";
				LD_RUNPATH_SEARCH_PATHS = "$(inherited) @executable_path/Frameworks";
				PRODUCT_BUNDLE_IDENTIFIER = DiegoLB.BoardGamesTimer;
				PRODUCT_NAME = "$(TARGET_NAME)";
				SWIFT_SWIFT3_OBJC_INFERENCE = On;
				SWIFT_VERSION = 4.0;
				TARGETED_DEVICE_FAMILY = 1;
			};
			name = Release;
		};
/* End XCBuildConfiguration section */

/* Begin XCConfigurationList section */
		F1E366A71ECA0A07006CBEAF /* Build configuration list for PBXProject "BoardGamesTimer" */ = {
			isa = XCConfigurationList;
			buildConfigurations = (
				F1E366BC1ECA0A07006CBEAF /* Debug */,
				F1E366BD1ECA0A07006CBEAF /* Release */,
			);
			defaultConfigurationIsVisible = 0;
			defaultConfigurationName = Release;
		};
		F1E366BE1ECA0A07006CBEAF /* Build configuration list for PBXNativeTarget "BoardGamesTimer" */ = {
			isa = XCConfigurationList;
			buildConfigurations = (
				F1E366BF1ECA0A07006CBEAF /* Debug */,
				F1E366C01ECA0A07006CBEAF /* Release */,
			);
			defaultConfigurationIsVisible = 0;
			defaultConfigurationName = Release;
		};
/* End XCConfigurationList section */
	};
	rootObject = F1E366A41ECA0A07006CBEAF /* Project object */;
}
